
Microsoft Visual Studio Solution File, Format Version 12.00
# Visual Studio Version 16
VisualStudioVersion = 16.0.35229.62
MinimumVisualStudioVersion = 10.0.40219.1
Project("{FAE04EC0-301F-11D3-BF4B-00C04F79EFBC}") = "exercice1", "exercice1\exercice1.csproj", "{B8FBC5C9-9F0F-40F7-B59F-24594EC3513F}"
EndProject
Global
	GlobalSection(SolutionConfigurationPlatforms) = preSolution
		Debug|Any CPU = Debug|Any CPU
		Release|Any CPU = Release|Any CPU
	EndGlobalSection
	GlobalSection(ProjectConfigurationPlatforms) = postSolution
		{B8FBC5C9-9F0F-40F7-B59F-24594EC3513F}.Debug|Any CPU.ActiveCfg = Debug|Any CPU
		{B8FBC5C9-9F0F-40F7-B59F-24594EC3513F}.Debug|Any CPU.Build.0 = Debug|Any CPU
		{B8FBC5C9-9F0F-40F7-B59F-24594EC3513F}.Release|Any CPU.ActiveCfg = Release|Any CPU
		{B8FBC5C9-9F0F-40F7-B59F-24594EC3513F}.Release|Any CPU.Build.0 = Release|Any CPU
	EndGlobalSection
	GlobalSection(SolutionProperties) = preSolution
		HideSolutionNode = FALSE
	EndGlobalSection
	GlobalSection(ExtensibilityGlobals) = postSolution
		SolutionGuid = {18C765F1-E5C7-4F60-AC6A-3403EAC67C25}
	EndGlobalSection
EndGlobal
